
Microsoft Visual Studio Solution File, Format Version 12.00
# Visual Studio Version 17
VisualStudioVersion = 17.0.31903.59
MinimumVisualStudioVersion = 10.0.40219.1
Project("{2150E333-8FDC-42A3-9474-1A3956D46DE8}") = "src", "src", "{827E0CD3-B72D-47B6-A68D-7590B98EB39B}"
EndProject
Project("{FAE04EC0-301F-11D3-BF4B-00C04F79EFBC}") = "Shared", "src\Shared\Shared.csproj", "{1513DA78-F976-4CF9-8D8F-236748EBF307}"
EndProject
Project("{FAE04EC0-301F-11D3-BF4B-00C04F79EFBC}") = "App", "src\App\App.csproj", "{BE034DFE-D7AD-495B-83CF-2BC67150B999}"
EndProject
Project("{FAE04EC0-301F-11D3-BF4B-00C04F79EFBC}") = "Eventing", "src\Eventing\Eventing.csproj", "{FE950132-1C11-42DD-B404-76486959A099}"
EndProject
Project("{FAE04EC0-301F-11D3-BF4B-00C04F79EFBC}") = "Storage", "src\Storage\Storage.csproj", "{083ACA9E-0F8D-4D8A-B2F9-1B181E94785A}"
EndProject
Project("{FAE04EC0-301F-11D3-BF4B-00C04F79EFBC}") = "Client.Web", "src\Client.Web\Client.Web.csproj", "{96734CD5-7D51-4A63-B7E5-4EAB5E80FBAE}"
EndProject
Project("{FAE04EC0-301F-11D3-BF4B-00C04F79EFBC}") = "Host", "src\Host\Host.csproj", "{4312B8F0-6A99-4DF7-ADED-58F462D7385B}"
EndProject
Project("{2150E333-8FDC-42A3-9474-1A3956D46DE8}") = "tests", "tests", "{0AB3BF05-4346-4AA6-1389-037BE0695223}"
EndProject
Project("{FAE04EC0-301F-11D3-BF4B-00C04F79EFBC}") = "App.Tests", "tests\App.Tests\App.Tests.csproj", "{B9B58DDD-8362-4450-BFEC-4B6AD5900588}"
EndProject
Project("{FAE04EC0-301F-11D3-BF4B-00C04F79EFBC}") = "Client.Web.Tests", "tests\Client.Web.Tests\Client.Web.Tests.csproj", "{F1DD309E-A03C-4376-A0FF-B7F5AE3E72A9}"
EndProject
Project("{FAE04EC0-301F-11D3-BF4B-00C04F79EFBC}") = "Client.Core", "src\Client.Core\Client.Core.csproj", "{9ADD3AE2-5CEE-4F77-B989-64FF4678B27C}"
EndProject
Project("{FAE04EC0-301F-11D3-BF4B-00C04F79EFBC}") = "Client.Core.Tests", "tests\Client.Core.Tests\Client.Core.Tests.csproj", "{64C04B98-38B1-4C0C-9E7E-66BCADAD54FD}"
EndProject
Project("{2150E333-8FDC-42A3-9474-1A3956D46DE8}") = "Integrations", "Integrations", "{95CF60EF-5A8F-866C-1324-B5EA7AAAC44D}"
EndProject
Project("{FAE04EC0-301F-11D3-BF4B-00C04F79EFBC}") = "Swarm", "src\Integrations\Swarm\Swarm.csproj", "{86564045-C0FF-4786-94A1-611D0B7A0319}"
EndProject
Project("{FAE04EC0-301F-11D3-BF4B-00C04F79EFBC}") = "Swarm.Tests", "tests\Swarm.Tests\Swarm.Tests.csproj", "{A58C07F1-F157-48EF-9A31-1EED57BC9BBF}"
EndProject
Project("{FAE04EC0-301F-11D3-BF4B-00C04F79EFBC}") = "Eventing.Tests", "tests\Eventing.Tests\Eventing.Tests.csproj", "{902B7179-06AC-4EDB-B090-72DE5537D8A4}"
EndProject
Project("{FAE04EC0-301F-11D3-BF4B-00C04F79EFBC}") = "ReverseProxy", "src\Integrations\ReverseProxy\ReverseProxy.csproj", "{3B615B53-F137-4F13-9343-BDC8E412C74A}"
EndProject
Project("{FAE04EC0-301F-11D3-BF4B-00C04F79EFBC}") = "ReverseProxy.Tests", "tests\ReverseProxy.Tests\ReverseProxy.Tests.csproj", "{A2544560-CB19-4B6C-AC42-A0A5F010A5EC}"
EndProject
Project("{FAE04EC0-301F-11D3-BF4B-00C04F79EFBC}") = "Agent", "src\Agent\Agent.csproj", "{FA31AA58-A68F-4642-9972-C83F081F3CF2}"
EndProject
Project("{FAE04EC0-301F-11D3-BF4B-00C04F79EFBC}") = "Agents", "src\Integrations\Agents\Agents.csproj", "{BFADFC9D-B798-43ED-BB7B-E4B00700B641}"
EndProject
Project("{FAE04EC0-301F-11D3-BF4B-00C04F79EFBC}") = "Agents.Tests", "tests\Agents.Tests\Agents.Tests.csproj", "{9CE67BF9-E2B7-4942-BD42-9F257ADAF481}"
EndProject
Project("{FAE04EC0-301F-11D3-BF4B-00C04F79EFBC}") = "Agent.Tests", "tests\Agent.Tests\Agent.Tests.csproj", "{3458EBE0-92E5-4FE8-A8B7-AEF1E745C121}"
EndProject
Project("{FAE04EC0-301F-11D3-BF4B-00C04F79EFBC}") = "Certificates", "src\Integrations\Certificates\Certificates.csproj", "{097D56A9-5C18-4E05-AF8B-DD404C8CC53F}"
EndProject
Project("{FAE04EC0-301F-11D3-BF4B-00C04F79EFBC}") = "Certificates.Tests", "tests\Certificates.Tests\Certificates.Tests.csproj", "{019AD2B4-1FCD-4F23-928C-00AA4AAA5552}"
EndProject
Project("{FAE04EC0-301F-11D3-BF4B-00C04F79EFBC}") = "Host.Tests", "tests\Host.Tests\Host.Tests.csproj", "{A1D780B1-1C5F-4883-970C-6E3FDB951B28}"
EndProject
Global
	GlobalSection(SolutionConfigurationPlatforms) = preSolution
		Debug|Any CPU = Debug|Any CPU
		Debug|x64 = Debug|x64
		Debug|x86 = Debug|x86
		Release|Any CPU = Release|Any CPU
		Release|x64 = Release|x64
		Release|x86 = Release|x86
	EndGlobalSection
	GlobalSection(ProjectConfigurationPlatforms) = postSolution
		{1513DA78-F976-4CF9-8D8F-236748EBF307}.Debug|Any CPU.ActiveCfg = Debug|Any CPU
		{1513DA78-F976-4CF9-8D8F-236748EBF307}.Debug|Any CPU.Build.0 = Debug|Any CPU
		{1513DA78-F976-4CF9-8D8F-236748EBF307}.Debug|x64.ActiveCfg = Debug|Any CPU
		{1513DA78-F976-4CF9-8D8F-236748EBF307}.Debug|x64.Build.0 = Debug|Any CPU
		{1513DA78-F976-4CF9-8D8F-236748EBF307}.Debug|x86.ActiveCfg = Debug|Any CPU
		{1513DA78-F976-4CF9-8D8F-236748EBF307}.Debug|x86.Build.0 = Debug|Any CPU
		{1513DA78-F976-4CF9-8D8F-236748EBF307}.Release|Any CPU.ActiveCfg = Release|Any CPU
		{1513DA78-F976-4CF9-8D8F-236748EBF307}.Release|Any CPU.Build.0 = Release|Any CPU
		{1513DA78-F976-4CF9-8D8F-236748EBF307}.Release|x64.ActiveCfg = Release|Any CPU
		{1513DA78-F976-4CF9-8D8F-236748EBF307}.Release|x64.Build.0 = Release|Any CPU
		{1513DA78-F976-4CF9-8D8F-236748EBF307}.Release|x86.ActiveCfg = Release|Any CPU
		{1513DA78-F976-4CF9-8D8F-236748EBF307}.Release|x86.Build.0 = Release|Any CPU
		{BE034DFE-D7AD-495B-83CF-2BC67150B999}.Debug|Any CPU.ActiveCfg = Debug|Any CPU
		{BE034DFE-D7AD-495B-83CF-2BC67150B999}.Debug|Any CPU.Build.0 = Debug|Any CPU
		{BE034DFE-D7AD-495B-83CF-2BC67150B999}.Debug|x64.ActiveCfg = Debug|Any CPU
		{BE034DFE-D7AD-495B-83CF-2BC67150B999}.Debug|x64.Build.0 = Debug|Any CPU
		{BE034DFE-D7AD-495B-83CF-2BC67150B999}.Debug|x86.ActiveCfg = Debug|Any CPU
		{BE034DFE-D7AD-495B-83CF-2BC67150B999}.Debug|x86.Build.0 = Debug|Any CPU
		{BE034DFE-D7AD-495B-83CF-2BC67150B999}.Release|Any CPU.ActiveCfg = Release|Any CPU
		{BE034DFE-D7AD-495B-83CF-2BC67150B999}.Release|Any CPU.Build.0 = Release|Any CPU
		{BE034DFE-D7AD-495B-83CF-2BC67150B999}.Release|x64.ActiveCfg = Release|Any CPU
		{BE034DFE-D7AD-495B-83CF-2BC67150B999}.Release|x64.Build.0 = Release|Any CPU
		{BE034DFE-D7AD-495B-83CF-2BC67150B999}.Release|x86.ActiveCfg = Release|Any CPU
		{BE034DFE-D7AD-495B-83CF-2BC67150B999}.Release|x86.Build.0 = Release|Any CPU
		{FE950132-1C11-42DD-B404-76486959A099}.Debug|Any CPU.ActiveCfg = Debug|Any CPU
		{FE950132-1C11-42DD-B404-76486959A099}.Debug|Any CPU.Build.0 = Debug|Any CPU
		{FE950132-1C11-42DD-B404-76486959A099}.Debug|x64.ActiveCfg = Debug|Any CPU
		{FE950132-1C11-42DD-B404-76486959A099}.Debug|x64.Build.0 = Debug|Any CPU
		{FE950132-1C11-42DD-B404-76486959A099}.Debug|x86.ActiveCfg = Debug|Any CPU
		{FE950132-1C11-42DD-B404-76486959A099}.Debug|x86.Build.0 = Debug|Any CPU
		{FE950132-1C11-42DD-B404-76486959A099}.Release|Any CPU.ActiveCfg = Release|Any CPU
		{FE950132-1C11-42DD-B404-76486959A099}.Release|Any CPU.Build.0 = Release|Any CPU
		{FE950132-1C11-42DD-B404-76486959A099}.Release|x64.ActiveCfg = Release|Any CPU
		{FE950132-1C11-42DD-B404-76486959A099}.Release|x64.Build.0 = Release|Any CPU
		{FE950132-1C11-42DD-B404-76486959A099}.Release|x86.ActiveCfg = Release|Any CPU
		{FE950132-1C11-42DD-B404-76486959A099}.Release|x86.Build.0 = Release|Any CPU
		{083ACA9E-0F8D-4D8A-B2F9-1B181E94785A}.Debug|Any CPU.ActiveCfg = Debug|Any CPU
		{083ACA9E-0F8D-4D8A-B2F9-1B181E94785A}.Debug|Any CPU.Build.0 = Debug|Any CPU
		{083ACA9E-0F8D-4D8A-B2F9-1B181E94785A}.Debug|x64.ActiveCfg = Debug|Any CPU
		{083ACA9E-0F8D-4D8A-B2F9-1B181E94785A}.Debug|x64.Build.0 = Debug|Any CPU
		{083ACA9E-0F8D-4D8A-B2F9-1B181E94785A}.Debug|x86.ActiveCfg = Debug|Any CPU
		{083ACA9E-0F8D-4D8A-B2F9-1B181E94785A}.Debug|x86.Build.0 = Debug|Any CPU
		{083ACA9E-0F8D-4D8A-B2F9-1B181E94785A}.Release|Any CPU.ActiveCfg = Release|Any CPU
		{083ACA9E-0F8D-4D8A-B2F9-1B181E94785A}.Release|Any CPU.Build.0 = Release|Any CPU
		{083ACA9E-0F8D-4D8A-B2F9-1B181E94785A}.Release|x64.ActiveCfg = Release|Any CPU
		{083ACA9E-0F8D-4D8A-B2F9-1B181E94785A}.Release|x64.Build.0 = Release|Any CPU
		{083ACA9E-0F8D-4D8A-B2F9-1B181E94785A}.Release|x86.ActiveCfg = Release|Any CPU
		{083ACA9E-0F8D-4D8A-B2F9-1B181E94785A}.Release|x86.Build.0 = Release|Any CPU
		{96734CD5-7D51-4A63-B7E5-4EAB5E80FBAE}.Debug|Any CPU.ActiveCfg = Debug|Any CPU
		{96734CD5-7D51-4A63-B7E5-4EAB5E80FBAE}.Debug|Any CPU.Build.0 = Debug|Any CPU
		{96734CD5-7D51-4A63-B7E5-4EAB5E80FBAE}.Debug|x64.ActiveCfg = Debug|Any CPU
		{96734CD5-7D51-4A63-B7E5-4EAB5E80FBAE}.Debug|x64.Build.0 = Debug|Any CPU
		{96734CD5-7D51-4A63-B7E5-4EAB5E80FBAE}.Debug|x86.ActiveCfg = Debug|Any CPU
		{96734CD5-7D51-4A63-B7E5-4EAB5E80FBAE}.Debug|x86.Build.0 = Debug|Any CPU
		{96734CD5-7D51-4A63-B7E5-4EAB5E80FBAE}.Release|Any CPU.ActiveCfg = Release|Any CPU
		{96734CD5-7D51-4A63-B7E5-4EAB5E80FBAE}.Release|Any CPU.Build.0 = Release|Any CPU
		{96734CD5-7D51-4A63-B7E5-4EAB5E80FBAE}.Release|x64.ActiveCfg = Release|Any CPU
		{96734CD5-7D51-4A63-B7E5-4EAB5E80FBAE}.Release|x64.Build.0 = Release|Any CPU
		{96734CD5-7D51-4A63-B7E5-4EAB5E80FBAE}.Release|x86.ActiveCfg = Release|Any CPU
		{96734CD5-7D51-4A63-B7E5-4EAB5E80FBAE}.Release|x86.Build.0 = Release|Any CPU
		{4312B8F0-6A99-4DF7-ADED-58F462D7385B}.Debug|Any CPU.ActiveCfg = Debug|Any CPU
		{4312B8F0-6A99-4DF7-ADED-58F462D7385B}.Debug|Any CPU.Build.0 = Debug|Any CPU
		{4312B8F0-6A99-4DF7-ADED-58F462D7385B}.Debug|x64.ActiveCfg = Debug|Any CPU
		{4312B8F0-6A99-4DF7-ADED-58F462D7385B}.Debug|x64.Build.0 = Debug|Any CPU
		{4312B8F0-6A99-4DF7-ADED-58F462D7385B}.Debug|x86.ActiveCfg = Debug|Any CPU
		{4312B8F0-6A99-4DF7-ADED-58F462D7385B}.Debug|x86.Build.0 = Debug|Any CPU
		{4312B8F0-6A99-4DF7-ADED-58F462D7385B}.Release|Any CPU.ActiveCfg = Release|Any CPU
		{4312B8F0-6A99-4DF7-ADED-58F462D7385B}.Release|Any CPU.Build.0 = Release|Any CPU
		{4312B8F0-6A99-4DF7-ADED-58F462D7385B}.Release|x64.ActiveCfg = Release|Any CPU
		{4312B8F0-6A99-4DF7-ADED-58F462D7385B}.Release|x64.Build.0 = Release|Any CPU
		{4312B8F0-6A99-4DF7-ADED-58F462D7385B}.Release|x86.ActiveCfg = Release|Any CPU
		{4312B8F0-6A99-4DF7-ADED-58F462D7385B}.Release|x86.Build.0 = Release|Any CPU
		{B9B58DDD-8362-4450-BFEC-4B6AD5900588}.Debug|Any CPU.ActiveCfg = Debug|Any CPU
		{B9B58DDD-8362-4450-BFEC-4B6AD5900588}.Debug|Any CPU.Build.0 = Debug|Any CPU
		{B9B58DDD-8362-4450-BFEC-4B6AD5900588}.Debug|x64.ActiveCfg = Debug|Any CPU
		{B9B58DDD-8362-4450-BFEC-4B6AD5900588}.Debug|x64.Build.0 = Debug|Any CPU
		{B9B58DDD-8362-4450-BFEC-4B6AD5900588}.Debug|x86.ActiveCfg = Debug|Any CPU
		{B9B58DDD-8362-4450-BFEC-4B6AD5900588}.Debug|x86.Build.0 = Debug|Any CPU
		{B9B58DDD-8362-4450-BFEC-4B6AD5900588}.Release|Any CPU.ActiveCfg = Release|Any CPU
		{B9B58DDD-8362-4450-BFEC-4B6AD5900588}.Release|Any CPU.Build.0 = Release|Any CPU
		{B9B58DDD-8362-4450-BFEC-4B6AD5900588}.Release|x64.ActiveCfg = Release|Any CPU
		{B9B58DDD-8362-4450-BFEC-4B6AD5900588}.Release|x64.Build.0 = Release|Any CPU
		{B9B58DDD-8362-4450-BFEC-4B6AD5900588}.Release|x86.ActiveCfg = Release|Any CPU
		{B9B58DDD-8362-4450-BFEC-4B6AD5900588}.Release|x86.Build.0 = Release|Any CPU
		{F1DD309E-A03C-4376-A0FF-B7F5AE3E72A9}.Debug|Any CPU.ActiveCfg = Debug|Any CPU
		{F1DD309E-A03C-4376-A0FF-B7F5AE3E72A9}.Debug|Any CPU.Build.0 = Debug|Any CPU
		{F1DD309E-A03C-4376-A0FF-B7F5AE3E72A9}.Debug|x64.ActiveCfg = Debug|Any CPU
		{F1DD309E-A03C-4376-A0FF-B7F5AE3E72A9}.Debug|x64.Build.0 = Debug|Any CPU
		{F1DD309E-A03C-4376-A0FF-B7F5AE3E72A9}.Debug|x86.ActiveCfg = Debug|Any CPU
		{F1DD309E-A03C-4376-A0FF-B7F5AE3E72A9}.Debug|x86.Build.0 = Debug|Any CPU
		{F1DD309E-A03C-4376-A0FF-B7F5AE3E72A9}.Release|Any CPU.ActiveCfg = Release|Any CPU
		{F1DD309E-A03C-4376-A0FF-B7F5AE3E72A9}.Release|Any CPU.Build.0 = Release|Any CPU
		{F1DD309E-A03C-4376-A0FF-B7F5AE3E72A9}.Release|x64.ActiveCfg = Release|Any CPU
		{F1DD309E-A03C-4376-A0FF-B7F5AE3E72A9}.Release|x64.Build.0 = Release|Any CPU
		{F1DD309E-A03C-4376-A0FF-B7F5AE3E72A9}.Release|x86.ActiveCfg = Release|Any CPU
		{F1DD309E-A03C-4376-A0FF-B7F5AE3E72A9}.Release|x86.Build.0 = Release|Any CPU
		{9ADD3AE2-5CEE-4F77-B989-64FF4678B27C}.Debug|Any CPU.ActiveCfg = Debug|Any CPU
		{9ADD3AE2-5CEE-4F77-B989-64FF4678B27C}.Debug|Any CPU.Build.0 = Debug|Any CPU
		{9ADD3AE2-5CEE-4F77-B989-64FF4678B27C}.Debug|x64.ActiveCfg = Debug|Any CPU
		{9ADD3AE2-5CEE-4F77-B989-64FF4678B27C}.Debug|x64.Build.0 = Debug|Any CPU
		{9ADD3AE2-5CEE-4F77-B989-64FF4678B27C}.Debug|x86.ActiveCfg = Debug|Any CPU
		{9ADD3AE2-5CEE-4F77-B989-64FF4678B27C}.Debug|x86.Build.0 = Debug|Any CPU
		{9ADD3AE2-5CEE-4F77-B989-64FF4678B27C}.Release|Any CPU.ActiveCfg = Release|Any CPU
		{9ADD3AE2-5CEE-4F77-B989-64FF4678B27C}.Release|Any CPU.Build.0 = Release|Any CPU
		{9ADD3AE2-5CEE-4F77-B989-64FF4678B27C}.Release|x64.ActiveCfg = Release|Any CPU
		{9ADD3AE2-5CEE-4F77-B989-64FF4678B27C}.Release|x64.Build.0 = Release|Any CPU
		{9ADD3AE2-5CEE-4F77-B989-64FF4678B27C}.Release|x86.ActiveCfg = Release|Any CPU
		{9ADD3AE2-5CEE-4F77-B989-64FF4678B27C}.Release|x86.Build.0 = Release|Any CPU
		{64C04B98-38B1-4C0C-9E7E-66BCADAD54FD}.Debug|Any CPU.ActiveCfg = Debug|Any CPU
		{64C04B98-38B1-4C0C-9E7E-66BCADAD54FD}.Debug|Any CPU.Build.0 = Debug|Any CPU
		{64C04B98-38B1-4C0C-9E7E-66BCADAD54FD}.Debug|x64.ActiveCfg = Debug|Any CPU
		{64C04B98-38B1-4C0C-9E7E-66BCADAD54FD}.Debug|x64.Build.0 = Debug|Any CPU
		{64C04B98-38B1-4C0C-9E7E-66BCADAD54FD}.Debug|x86.ActiveCfg = Debug|Any CPU
		{64C04B98-38B1-4C0C-9E7E-66BCADAD54FD}.Debug|x86.Build.0 = Debug|Any CPU
		{64C04B98-38B1-4C0C-9E7E-66BCADAD54FD}.Release|Any CPU.ActiveCfg = Release|Any CPU
		{64C04B98-38B1-4C0C-9E7E-66BCADAD54FD}.Release|Any CPU.Build.0 = Release|Any CPU
		{64C04B98-38B1-4C0C-9E7E-66BCADAD54FD}.Release|x64.ActiveCfg = Release|Any CPU
		{64C04B98-38B1-4C0C-9E7E-66BCADAD54FD}.Release|x64.Build.0 = Release|Any CPU
		{64C04B98-38B1-4C0C-9E7E-66BCADAD54FD}.Release|x86.ActiveCfg = Release|Any CPU
		{64C04B98-38B1-4C0C-9E7E-66BCADAD54FD}.Release|x86.Build.0 = Release|Any CPU
		{86564045-C0FF-4786-94A1-611D0B7A0319}.Debug|Any CPU.ActiveCfg = Debug|Any CPU
		{86564045-C0FF-4786-94A1-611D0B7A0319}.Debug|Any CPU.Build.0 = Debug|Any CPU
		{86564045-C0FF-4786-94A1-611D0B7A0319}.Debug|x64.ActiveCfg = Debug|Any CPU
		{86564045-C0FF-4786-94A1-611D0B7A0319}.Debug|x64.Build.0 = Debug|Any CPU
		{86564045-C0FF-4786-94A1-611D0B7A0319}.Debug|x86.ActiveCfg = Debug|Any CPU
		{86564045-C0FF-4786-94A1-611D0B7A0319}.Debug|x86.Build.0 = Debug|Any CPU
		{86564045-C0FF-4786-94A1-611D0B7A0319}.Release|Any CPU.ActiveCfg = Release|Any CPU
		{86564045-C0FF-4786-94A1-611D0B7A0319}.Release|Any CPU.Build.0 = Release|Any CPU
		{86564045-C0FF-4786-94A1-611D0B7A0319}.Release|x64.ActiveCfg = Release|Any CPU
		{86564045-C0FF-4786-94A1-611D0B7A0319}.Release|x64.Build.0 = Release|Any CPU
		{86564045-C0FF-4786-94A1-611D0B7A0319}.Release|x86.ActiveCfg = Release|Any CPU
		{86564045-C0FF-4786-94A1-611D0B7A0319}.Release|x86.Build.0 = Release|Any CPU
		{A58C07F1-F157-48EF-9A31-1EED57BC9BBF}.Debug|Any CPU.ActiveCfg = Debug|Any CPU
		{A58C07F1-F157-48EF-9A31-1EED57BC9BBF}.Debug|Any CPU.Build.0 = Debug|Any CPU
		{A58C07F1-F157-48EF-9A31-1EED57BC9BBF}.Debug|x64.ActiveCfg = Debug|Any CPU
		{A58C07F1-F157-48EF-9A31-1EED57BC9BBF}.Debug|x64.Build.0 = Debug|Any CPU
		{A58C07F1-F157-48EF-9A31-1EED57BC9BBF}.Debug|x86.ActiveCfg = Debug|Any CPU
		{A58C07F1-F157-48EF-9A31-1EED57BC9BBF}.Debug|x86.Build.0 = Debug|Any CPU
		{A58C07F1-F157-48EF-9A31-1EED57BC9BBF}.Release|Any CPU.ActiveCfg = Release|Any CPU
		{A58C07F1-F157-48EF-9A31-1EED57BC9BBF}.Release|Any CPU.Build.0 = Release|Any CPU
		{A58C07F1-F157-48EF-9A31-1EED57BC9BBF}.Release|x64.ActiveCfg = Release|Any CPU
		{A58C07F1-F157-48EF-9A31-1EED57BC9BBF}.Release|x64.Build.0 = Release|Any CPU
		{A58C07F1-F157-48EF-9A31-1EED57BC9BBF}.Release|x86.ActiveCfg = Release|Any CPU
		{A58C07F1-F157-48EF-9A31-1EED57BC9BBF}.Release|x86.Build.0 = Release|Any CPU
		{902B7179-06AC-4EDB-B090-72DE5537D8A4}.Debug|Any CPU.ActiveCfg = Debug|Any CPU
		{902B7179-06AC-4EDB-B090-72DE5537D8A4}.Debug|Any CPU.Build.0 = Debug|Any CPU
		{902B7179-06AC-4EDB-B090-72DE5537D8A4}.Debug|x64.ActiveCfg = Debug|Any CPU
		{902B7179-06AC-4EDB-B090-72DE5537D8A4}.Debug|x64.Build.0 = Debug|Any CPU
		{902B7179-06AC-4EDB-B090-72DE5537D8A4}.Debug|x86.ActiveCfg = Debug|Any CPU
		{902B7179-06AC-4EDB-B090-72DE5537D8A4}.Debug|x86.Build.0 = Debug|Any CPU
		{902B7179-06AC-4EDB-B090-72DE5537D8A4}.Release|Any CPU.ActiveCfg = Release|Any CPU
		{902B7179-06AC-4EDB-B090-72DE5537D8A4}.Release|Any CPU.Build.0 = Release|Any CPU
		{902B7179-06AC-4EDB-B090-72DE5537D8A4}.Release|x64.ActiveCfg = Release|Any CPU
		{902B7179-06AC-4EDB-B090-72DE5537D8A4}.Release|x64.Build.0 = Release|Any CPU
		{902B7179-06AC-4EDB-B090-72DE5537D8A4}.Release|x86.ActiveCfg = Release|Any CPU
		{902B7179-06AC-4EDB-B090-72DE5537D8A4}.Release|x86.Build.0 = Release|Any CPU
		{3B615B53-F137-4F13-9343-BDC8E412C74A}.Debug|Any CPU.ActiveCfg = Debug|Any CPU
		{3B615B53-F137-4F13-9343-BDC8E412C74A}.Debug|Any CPU.Build.0 = Debug|Any CPU
		{3B615B53-F137-4F13-9343-BDC8E412C74A}.Debug|x64.ActiveCfg = Debug|Any CPU
		{3B615B53-F137-4F13-9343-BDC8E412C74A}.Debug|x64.Build.0 = Debug|Any CPU
		{3B615B53-F137-4F13-9343-BDC8E412C74A}.Debug|x86.ActiveCfg = Debug|Any CPU
		{3B615B53-F137-4F13-9343-BDC8E412C74A}.Debug|x86.Build.0 = Debug|Any CPU
		{3B615B53-F137-4F13-9343-BDC8E412C74A}.Release|Any CPU.ActiveCfg = Release|Any CPU
		{3B615B53-F137-4F13-9343-BDC8E412C74A}.Release|Any CPU.Build.0 = Release|Any CPU
		{3B615B53-F137-4F13-9343-BDC8E412C74A}.Release|x64.ActiveCfg = Release|Any CPU
		{3B615B53-F137-4F13-9343-BDC8E412C74A}.Release|x64.Build.0 = Release|Any CPU
		{3B615B53-F137-4F13-9343-BDC8E412C74A}.Release|x86.ActiveCfg = Release|Any CPU
		{3B615B53-F137-4F13-9343-BDC8E412C74A}.Release|x86.Build.0 = Release|Any CPU
		{A2544560-CB19-4B6C-AC42-A0A5F010A5EC}.Debug|Any CPU.ActiveCfg = Debug|Any CPU
		{A2544560-CB19-4B6C-AC42-A0A5F010A5EC}.Debug|Any CPU.Build.0 = Debug|Any CPU
		{A2544560-CB19-4B6C-AC42-A0A5F010A5EC}.Debug|x64.ActiveCfg = Debug|Any CPU
		{A2544560-CB19-4B6C-AC42-A0A5F010A5EC}.Debug|x64.Build.0 = Debug|Any CPU
		{A2544560-CB19-4B6C-AC42-A0A5F010A5EC}.Debug|x86.ActiveCfg = Debug|Any CPU
		{A2544560-CB19-4B6C-AC42-A0A5F010A5EC}.Debug|x86.Build.0 = Debug|Any CPU
		{A2544560-CB19-4B6C-AC42-A0A5F010A5EC}.Release|Any CPU.ActiveCfg = Release|Any CPU
		{A2544560-CB19-4B6C-AC42-A0A5F010A5EC}.Release|Any CPU.Build.0 = Release|Any CPU
		{A2544560-CB19-4B6C-AC42-A0A5F010A5EC}.Release|x64.ActiveCfg = Release|Any CPU
		{A2544560-CB19-4B6C-AC42-A0A5F010A5EC}.Release|x64.Build.0 = Release|Any CPU
		{A2544560-CB19-4B6C-AC42-A0A5F010A5EC}.Release|x86.ActiveCfg = Release|Any CPU
		{A2544560-CB19-4B6C-AC42-A0A5F010A5EC}.Release|x86.Build.0 = Release|Any CPU
		{FA31AA58-A68F-4642-9972-C83F081F3CF2}.Debug|Any CPU.ActiveCfg = Debug|Any CPU
		{FA31AA58-A68F-4642-9972-C83F081F3CF2}.Debug|Any CPU.Build.0 = Debug|Any CPU
		{FA31AA58-A68F-4642-9972-C83F081F3CF2}.Debug|x64.ActiveCfg = Debug|Any CPU
		{FA31AA58-A68F-4642-9972-C83F081F3CF2}.Debug|x64.Build.0 = Debug|Any CPU
		{FA31AA58-A68F-4642-9972-C83F081F3CF2}.Debug|x86.ActiveCfg = Debug|Any CPU
		{FA31AA58-A68F-4642-9972-C83F081F3CF2}.Debug|x86.Build.0 = Debug|Any CPU
		{FA31AA58-A68F-4642-9972-C83F081F3CF2}.Release|Any CPU.ActiveCfg = Release|Any CPU
		{FA31AA58-A68F-4642-9972-C83F081F3CF2}.Release|Any CPU.Build.0 = Release|Any CPU
		{FA31AA58-A68F-4642-9972-C83F081F3CF2}.Release|x64.ActiveCfg = Release|Any CPU
		{FA31AA58-A68F-4642-9972-C83F081F3CF2}.Release|x64.Build.0 = Release|Any CPU
		{FA31AA58-A68F-4642-9972-C83F081F3CF2}.Release|x86.ActiveCfg = Release|Any CPU
		{FA31AA58-A68F-4642-9972-C83F081F3CF2}.Release|x86.Build.0 = Release|Any CPU
		{BFADFC9D-B798-43ED-BB7B-E4B00700B641}.Debug|Any CPU.ActiveCfg = Debug|Any CPU
		{BFADFC9D-B798-43ED-BB7B-E4B00700B641}.Debug|Any CPU.Build.0 = Debug|Any CPU
		{BFADFC9D-B798-43ED-BB7B-E4B00700B641}.Debug|x64.ActiveCfg = Debug|Any CPU
		{BFADFC9D-B798-43ED-BB7B-E4B00700B641}.Debug|x64.Build.0 = Debug|Any CPU
		{BFADFC9D-B798-43ED-BB7B-E4B00700B641}.Debug|x86.ActiveCfg = Debug|Any CPU
		{BFADFC9D-B798-43ED-BB7B-E4B00700B641}.Debug|x86.Build.0 = Debug|Any CPU
		{BFADFC9D-B798-43ED-BB7B-E4B00700B641}.Release|Any CPU.ActiveCfg = Release|Any CPU
		{BFADFC9D-B798-43ED-BB7B-E4B00700B641}.Release|Any CPU.Build.0 = Release|Any CPU
		{BFADFC9D-B798-43ED-BB7B-E4B00700B641}.Release|x64.ActiveCfg = Release|Any CPU
		{BFADFC9D-B798-43ED-BB7B-E4B00700B641}.Release|x64.Build.0 = Release|Any CPU
		{BFADFC9D-B798-43ED-BB7B-E4B00700B641}.Release|x86.ActiveCfg = Release|Any CPU
		{BFADFC9D-B798-43ED-BB7B-E4B00700B641}.Release|x86.Build.0 = Release|Any CPU
		{9CE67BF9-E2B7-4942-BD42-9F257ADAF481}.Debug|Any CPU.ActiveCfg = Debug|Any CPU
		{9CE67BF9-E2B7-4942-BD42-9F257ADAF481}.Debug|Any CPU.Build.0 = Debug|Any CPU
		{9CE67BF9-E2B7-4942-BD42-9F257ADAF481}.Debug|x64.ActiveCfg = Debug|Any CPU
		{9CE67BF9-E2B7-4942-BD42-9F257ADAF481}.Debug|x64.Build.0 = Debug|Any CPU
		{9CE67BF9-E2B7-4942-BD42-9F257ADAF481}.Debug|x86.ActiveCfg = Debug|Any CPU
		{9CE67BF9-E2B7-4942-BD42-9F257ADAF481}.Debug|x86.Build.0 = Debug|Any CPU
		{9CE67BF9-E2B7-4942-BD42-9F257ADAF481}.Release|Any CPU.ActiveCfg = Release|Any CPU
		{9CE67BF9-E2B7-4942-BD42-9F257ADAF481}.Release|Any CPU.Build.0 = Release|Any CPU
		{9CE67BF9-E2B7-4942-BD42-9F257ADAF481}.Release|x64.ActiveCfg = Release|Any CPU
		{9CE67BF9-E2B7-4942-BD42-9F257ADAF481}.Release|x64.Build.0 = Release|Any CPU
		{9CE67BF9-E2B7-4942-BD42-9F257ADAF481}.Release|x86.ActiveCfg = Release|Any CPU
		{9CE67BF9-E2B7-4942-BD42-9F257ADAF481}.Release|x86.Build.0 = Release|Any CPU
		{3458EBE0-92E5-4FE8-A8B7-AEF1E745C121}.Debug|Any CPU.ActiveCfg = Debug|Any CPU
		{3458EBE0-92E5-4FE8-A8B7-AEF1E745C121}.Debug|Any CPU.Build.0 = Debug|Any CPU
		{3458EBE0-92E5-4FE8-A8B7-AEF1E745C121}.Debug|x64.ActiveCfg = Debug|Any CPU
		{3458EBE0-92E5-4FE8-A8B7-AEF1E745C121}.Debug|x64.Build.0 = Debug|Any CPU
		{3458EBE0-92E5-4FE8-A8B7-AEF1E745C121}.Debug|x86.ActiveCfg = Debug|Any CPU
		{3458EBE0-92E5-4FE8-A8B7-AEF1E745C121}.Debug|x86.Build.0 = Debug|Any CPU
		{3458EBE0-92E5-4FE8-A8B7-AEF1E745C121}.Release|Any CPU.ActiveCfg = Release|Any CPU
		{3458EBE0-92E5-4FE8-A8B7-AEF1E745C121}.Release|Any CPU.Build.0 = Release|Any CPU
		{3458EBE0-92E5-4FE8-A8B7-AEF1E745C121}.Release|x64.ActiveCfg = Release|Any CPU
		{3458EBE0-92E5-4FE8-A8B7-AEF1E745C121}.Release|x64.Build.0 = Release|Any CPU
		{3458EBE0-92E5-4FE8-A8B7-AEF1E745C121}.Release|x86.ActiveCfg = Release|Any CPU
		{3458EBE0-92E5-4FE8-A8B7-AEF1E745C121}.Release|x86.Build.0 = Release|Any CPU
		{097D56A9-5C18-4E05-AF8B-DD404C8CC53F}.Debug|Any CPU.ActiveCfg = Debug|Any CPU
		{097D56A9-5C18-4E05-AF8B-DD404C8CC53F}.Debug|Any CPU.Build.0 = Debug|Any CPU
		{097D56A9-5C18-4E05-AF8B-DD404C8CC53F}.Debug|x64.ActiveCfg = Debug|Any CPU
		{097D56A9-5C18-4E05-AF8B-DD404C8CC53F}.Debug|x64.Build.0 = Debug|Any CPU
		{097D56A9-5C18-4E05-AF8B-DD404C8CC53F}.Debug|x86.ActiveCfg = Debug|Any CPU
		{097D56A9-5C18-4E05-AF8B-DD404C8CC53F}.Debug|x86.Build.0 = Debug|Any CPU
		{097D56A9-5C18-4E05-AF8B-DD404C8CC53F}.Release|Any CPU.ActiveCfg = Release|Any CPU
		{097D56A9-5C18-4E05-AF8B-DD404C8CC53F}.Release|Any CPU.Build.0 = Release|Any CPU
		{097D56A9-5C18-4E05-AF8B-DD404C8CC53F}.Release|x64.ActiveCfg = Release|Any CPU
		{097D56A9-5C18-4E05-AF8B-DD404C8CC53F}.Release|x64.Build.0 = Release|Any CPU
		{097D56A9-5C18-4E05-AF8B-DD404C8CC53F}.Release|x86.ActiveCfg = Release|Any CPU
		{097D56A9-5C18-4E05-AF8B-DD404C8CC53F}.Release|x86.Build.0 = Release|Any CPU
		{019AD2B4-1FCD-4F23-928C-00AA4AAA5552}.Debug|Any CPU.ActiveCfg = Debug|Any CPU
		{019AD2B4-1FCD-4F23-928C-00AA4AAA5552}.Debug|Any CPU.Build.0 = Debug|Any CPU
		{019AD2B4-1FCD-4F23-928C-00AA4AAA5552}.Debug|x64.ActiveCfg = Debug|Any CPU
		{019AD2B4-1FCD-4F23-928C-00AA4AAA5552}.Debug|x64.Build.0 = Debug|Any CPU
		{019AD2B4-1FCD-4F23-928C-00AA4AAA5552}.Debug|x86.ActiveCfg = Debug|Any CPU
		{019AD2B4-1FCD-4F23-928C-00AA4AAA5552}.Debug|x86.Build.0 = Debug|Any CPU
		{019AD2B4-1FCD-4F23-928C-00AA4AAA5552}.Release|Any CPU.ActiveCfg = Release|Any CPU
		{019AD2B4-1FCD-4F23-928C-00AA4AAA5552}.Release|Any CPU.Build.0 = Release|Any CPU
		{019AD2B4-1FCD-4F23-928C-00AA4AAA5552}.Release|x64.ActiveCfg = Release|Any CPU
		{019AD2B4-1FCD-4F23-928C-00AA4AAA5552}.Release|x64.Build.0 = Release|Any CPU
		{019AD2B4-1FCD-4F23-928C-00AA4AAA5552}.Release|x86.ActiveCfg = Release|Any CPU
		{019AD2B4-1FCD-4F23-928C-00AA4AAA5552}.Release|x86.Build.0 = Release|Any CPU
		{A1D780B1-1C5F-4883-970C-6E3FDB951B28}.Debug|Any CPU.ActiveCfg = Debug|Any CPU
		{A1D780B1-1C5F-4883-970C-6E3FDB951B28}.Debug|Any CPU.Build.0 = Debug|Any CPU
		{A1D780B1-1C5F-4883-970C-6E3FDB951B28}.Debug|x64.ActiveCfg = Debug|Any CPU
		{A1D780B1-1C5F-4883-970C-6E3FDB951B28}.Debug|x64.Build.0 = Debug|Any CPU
		{A1D780B1-1C5F-4883-970C-6E3FDB951B28}.Debug|x86.ActiveCfg = Debug|Any CPU
		{A1D780B1-1C5F-4883-970C-6E3FDB951B28}.Debug|x86.Build.0 = Debug|Any CPU
		{A1D780B1-1C5F-4883-970C-6E3FDB951B28}.Release|Any CPU.ActiveCfg = Release|Any CPU
		{A1D780B1-1C5F-4883-970C-6E3FDB951B28}.Release|Any CPU.Build.0 = Release|Any CPU
		{A1D780B1-1C5F-4883-970C-6E3FDB951B28}.Release|x64.ActiveCfg = Release|Any CPU
		{A1D780B1-1C5F-4883-970C-6E3FDB951B28}.Release|x64.Build.0 = Release|Any CPU
		{A1D780B1-1C5F-4883-970C-6E3FDB951B28}.Release|x86.ActiveCfg = Release|Any CPU
		{A1D780B1-1C5F-4883-970C-6E3FDB951B28}.Release|x86.Build.0 = Release|Any CPU
	EndGlobalSection
	GlobalSection(SolutionProperties) = preSolution
		HideSolutionNode = FALSE
	EndGlobalSection
	GlobalSection(NestedProjects) = preSolution
		{1513DA78-F976-4CF9-8D8F-236748EBF307} = {827E0CD3-B72D-47B6-A68D-7590B98EB39B}
		{BE034DFE-D7AD-495B-83CF-2BC67150B999} = {827E0CD3-B72D-47B6-A68D-7590B98EB39B}
		{FE950132-1C11-42DD-B404-76486959A099} = {827E0CD3-B72D-47B6-A68D-7590B98EB39B}
		{083ACA9E-0F8D-4D8A-B2F9-1B181E94785A} = {827E0CD3-B72D-47B6-A68D-7590B98EB39B}
		{96734CD5-7D51-4A63-B7E5-4EAB5E80FBAE} = {827E0CD3-B72D-47B6-A68D-7590B98EB39B}
		{4312B8F0-6A99-4DF7-ADED-58F462D7385B} = {827E0CD3-B72D-47B6-A68D-7590B98EB39B}
		{B9B58DDD-8362-4450-BFEC-4B6AD5900588} = {0AB3BF05-4346-4AA6-1389-037BE0695223}
		{F1DD309E-A03C-4376-A0FF-B7F5AE3E72A9} = {0AB3BF05-4346-4AA6-1389-037BE0695223}
		{9ADD3AE2-5CEE-4F77-B989-64FF4678B27C} = {827E0CD3-B72D-47B6-A68D-7590B98EB39B}
		{64C04B98-38B1-4C0C-9E7E-66BCADAD54FD} = {0AB3BF05-4346-4AA6-1389-037BE0695223}
		{95CF60EF-5A8F-866C-1324-B5EA7AAAC44D} = {827E0CD3-B72D-47B6-A68D-7590B98EB39B}
		{86564045-C0FF-4786-94A1-611D0B7A0319} = {95CF60EF-5A8F-866C-1324-B5EA7AAAC44D}
		{A58C07F1-F157-48EF-9A31-1EED57BC9BBF} = {0AB3BF05-4346-4AA6-1389-037BE0695223}
		{902B7179-06AC-4EDB-B090-72DE5537D8A4} = {0AB3BF05-4346-4AA6-1389-037BE0695223}
		{3B615B53-F137-4F13-9343-BDC8E412C74A} = {95CF60EF-5A8F-866C-1324-B5EA7AAAC44D}
		{A2544560-CB19-4B6C-AC42-A0A5F010A5EC} = {0AB3BF05-4346-4AA6-1389-037BE0695223}
		{FA31AA58-A68F-4642-9972-C83F081F3CF2} = {827E0CD3-B72D-47B6-A68D-7590B98EB39B}
		{BFADFC9D-B798-43ED-BB7B-E4B00700B641} = {95CF60EF-5A8F-866C-1324-B5EA7AAAC44D}
		{9CE67BF9-E2B7-4942-BD42-9F257ADAF481} = {0AB3BF05-4346-4AA6-1389-037BE0695223}
		{3458EBE0-92E5-4FE8-A8B7-AEF1E745C121} = {0AB3BF05-4346-4AA6-1389-037BE0695223}
		{097D56A9-5C18-4E05-AF8B-DD404C8CC53F} = {95CF60EF-5A8F-866C-1324-B5EA7AAAC44D}
		{019AD2B4-1FCD-4F23-928C-00AA4AAA5552} = {0AB3BF05-4346-4AA6-1389-037BE0695223}
		{A1D780B1-1C5F-4883-970C-6E3FDB951B28} = {0AB3BF05-4346-4AA6-1389-037BE0695223}
	EndGlobalSection
EndGlobal
